
Microsoft Visual Studio Solution File, Format Version 12.00
# Visual Studio 15
VisualStudioVersion = 15.0.28010.2036
MinimumVisualStudioVersion = 10.0.40219.1
Project("{FAE04EC0-301F-11D3-BF4B-00C04F79EFBC}") = "App2_ListaEstados.Android", "App2_ListaEstados\App2_ListaEstados.Android\App2_ListaEstados.Android.csproj", "{859D2DCB-1F5B-435E-BC7D-1BEAADA4C5B6}"
EndProject
Project("{FAE04EC0-301F-11D3-BF4B-00C04F79EFBC}") = "App2_ListaEstados.iOS", "App2_ListaEstados\App2_ListaEstados.iOS\App2_ListaEstados.iOS.csproj", "{11EE07AA-8923-4604-ABA1-2B8E7B15861B}"
EndProject
Project("{FAE04EC0-301F-11D3-BF4B-00C04F79EFBC}") = "App2_ListaEstados", "App2_ListaEstados\App2_ListaEstados\App2_ListaEstados.csproj", "{9045D437-B025-424C-9D49-DF28CF50BAE0}"
EndProject
Global
	GlobalSection(SolutionConfigurationPlatforms) = preSolution
		Ad-Hoc|Any CPU = Ad-Hoc|Any CPU
		Ad-Hoc|iPhone = Ad-Hoc|iPhone
		Ad-Hoc|iPhoneSimulator = Ad-Hoc|iPhoneSimulator
		AppStore|Any CPU = AppStore|Any CPU
		AppStore|iPhone = AppStore|iPhone
		AppStore|iPhoneSimulator = AppStore|iPhoneSimulator
		Debug|Any CPU = Debug|Any CPU
		Debug|iPhone = Debug|iPhone
		Debug|iPhoneSimulator = Debug|iPhoneSimulator
		Release|Any CPU = Release|Any CPU
		Release|iPhone = Release|iPhone
		Release|iPhoneSimulator = Release|iPhoneSimulator
	EndGlobalSection
	GlobalSection(ProjectConfigurationPlatforms) = postSolution
		{859D2DCB-1F5B-435E-BC7D-1BEAADA4C5B6}.Ad-Hoc|Any CPU.ActiveCfg = Release|Any CPU
		{859D2DCB-1F5B-435E-BC7D-1BEAADA4C5B6}.Ad-Hoc|Any CPU.Build.0 = Release|Any CPU
		{859D2DCB-1F5B-435E-BC7D-1BEAADA4C5B6}.Ad-Hoc|Any CPU.Deploy.0 = Release|Any CPU
		{859D2DCB-1F5B-435E-BC7D-1BEAADA4C5B6}.Ad-Hoc|iPhone.ActiveCfg = Release|Any CPU
		{859D2DCB-1F5B-435E-BC7D-1BEAADA4C5B6}.Ad-Hoc|iPhone.Build.0 = Release|Any CPU
		{859D2DCB-1F5B-435E-BC7D-1BEAADA4C5B6}.Ad-Hoc|iPhone.Deploy.0 = Release|Any CPU
		{859D2DCB-1F5B-435E-BC7D-1BEAADA4C5B6}.Ad-Hoc|iPhoneSimulator.ActiveCfg = Release|Any CPU
		{859D2DCB-1F5B-435E-BC7D-1BEAADA4C5B6}.Ad-Hoc|iPhoneSimulator.Build.0 = Release|Any CPU
		{859D2DCB-1F5B-435E-BC7D-1BEAADA4C5B6}.Ad-Hoc|iPhoneSimulator.Deploy.0 = Release|Any CPU
		{859D2DCB-1F5B-435E-BC7D-1BEAADA4C5B6}.AppStore|Any CPU.ActiveCfg = Release|Any CPU
		{859D2DCB-1F5B-435E-BC7D-1BEAADA4C5B6}.AppStore|Any CPU.Build.0 = Release|Any CPU
		{859D2DCB-1F5B-435E-BC7D-1BEAADA4C5B6}.AppStore|Any CPU.Deploy.0 = Release|Any CPU
		{859D2DCB-1F5B-435E-BC7D-1BEAADA4C5B6}.AppStore|iPhone.ActiveCfg = Release|Any CPU
		{859D2DCB-1F5B-435E-BC7D-1BEAADA4C5B6}.AppStore|iPhone.Build.0 = Release|Any CPU
		{859D2DCB-1F5B-435E-BC7D-1BEAADA4C5B6}.AppStore|iPhone.Deploy.0 = Release|Any CPU
		{859D2DCB-1F5B-435E-BC7D-1BEAADA4C5B6}.AppStore|iPhoneSimulator.ActiveCfg = Release|Any CPU
		{859D2DCB-1F5B-435E-BC7D-1BEAADA4C5B6}.AppStore|iPhoneSimulator.Build.0 = Release|Any CPU
		{859D2DCB-1F5B-435E-BC7D-1BEAADA4C5B6}.AppStore|iPhoneSimulator.Deploy.0 = Release|Any CPU
		{859D2DCB-1F5B-435E-BC7D-1BEAADA4C5B6}.Debug|Any CPU.ActiveCfg = Debug|Any CPU
		{859D2DCB-1F5B-435E-BC7D-1BEAADA4C5B6}.Debug|Any CPU.Build.0 = Debug|Any CPU
		{859D2DCB-1F5B-435E-BC7D-1BEAADA4C5B6}.Debug|Any CPU.Deploy.0 = Debug|Any CPU
		{859D2DCB-1F5B-435E-BC7D-1BEAADA4C5B6}.Debug|iPhone.ActiveCfg = Debug|Any CPU
		{859D2DCB-1F5B-435E-BC7D-1BEAADA4C5B6}.Debug|iPhone.Build.0 = Debug|Any CPU
		{859D2DCB-1F5B-435E-BC7D-1BEAADA4C5B6}.Debug|iPhone.Deploy.0 = Debug|Any CPU
		{859D2DCB-1F5B-435E-BC7D-1BEAADA4C5B6}.Debug|iPhoneSimulator.ActiveCfg = Debug|Any CPU
		{859D2DCB-1F5B-435E-BC7D-1BEAADA4C5B6}.Debug|iPhoneSimulator.Build.0 = Debug|Any CPU
		{859D2DCB-1F5B-435E-BC7D-1BEAADA4C5B6}.Debug|iPhoneSimulator.Deploy.0 = Debug|Any CPU
		{859D2DCB-1F5B-435E-BC7D-1BEAADA4C5B6}.Release|Any CPU.ActiveCfg = Release|Any CPU
		{859D2DCB-1F5B-435E-BC7D-1BEAADA4C5B6}.Release|Any CPU.Build.0 = Release|Any CPU
		{859D2DCB-1F5B-435E-BC7D-1BEAADA4C5B6}.Release|Any CPU.Deploy.0 = Release|Any CPU
		{859D2DCB-1F5B-435E-BC7D-1BEAADA4C5B6}.Release|iPhone.ActiveCfg = Release|Any CPU
		{859D2DCB-1F5B-435E-BC7D-1BEAADA4C5B6}.Release|iPhone.Build.0 = Release|Any CPU
		{859D2DCB-1F5B-435E-BC7D-1BEAADA4C5B6}.Release|iPhone.Deploy.0 = Release|Any CPU
		{859D2DCB-1F5B-435E-BC7D-1BEAADA4C5B6}.Release|iPhoneSimulator.ActiveCfg = Release|Any CPU
		{859D2DCB-1F5B-435E-BC7D-1BEAADA4C5B6}.Release|iPhoneSimulator.Build.0 = Release|Any CPU
		{859D2DCB-1F5B-435E-BC7D-1BEAADA4C5B6}.Release|iPhoneSimulator.Deploy.0 = Release|Any CPU
		{11EE07AA-8923-4604-ABA1-2B8E7B15861B}.Ad-Hoc|Any CPU.ActiveCfg = Ad-Hoc|iPhone
		{11EE07AA-8923-4604-ABA1-2B8E7B15861B}.Ad-Hoc|Any CPU.Build.0 = Ad-Hoc|iPhone
		{11EE07AA-8923-4604-ABA1-2B8E7B15861B}.Ad-Hoc|Any CPU.Deploy.0 = Ad-Hoc|iPhone
		{11EE07AA-8923-4604-ABA1-2B8E7B15861B}.Ad-Hoc|iPhone.ActiveCfg = Ad-Hoc|iPhone
		{11EE07AA-8923-4604-ABA1-2B8E7B15861B}.Ad-Hoc|iPhone.Build.0 = Ad-Hoc|iPhone
		{11EE07AA-8923-4604-ABA1-2B8E7B15861B}.Ad-Hoc|iPhone.Deploy.0 = Ad-Hoc|iPhone
		{11EE07AA-8923-4604-ABA1-2B8E7B15861B}.Ad-Hoc|iPhoneSimulator.ActiveCfg = Ad-Hoc|iPhoneSimulator
		{11EE07AA-8923-4604-ABA1-2B8E7B15861B}.Ad-Hoc|iPhoneSimulator.Build.0 = Ad-Hoc|iPhoneSimulator
		{11EE07AA-8923-4604-ABA1-2B8E7B15861B}.Ad-Hoc|iPhoneSimulator.Deploy.0 = Ad-Hoc|iPhoneSimulator
		{11EE07AA-8923-4604-ABA1-2B8E7B15861B}.AppStore|Any CPU.ActiveCfg = AppStore|iPhone
		{11EE07AA-8923-4604-ABA1-2B8E7B15861B}.AppStore|Any CPU.Build.0 = AppStore|iPhone
		{11EE07AA-8923-4604-ABA1-2B8E7B15861B}.AppStore|Any CPU.Deploy.0 = AppStore|iPhone
		{11EE07AA-8923-4604-ABA1-2B8E7B15861B}.AppStore|iPhone.ActiveCfg = AppStore|iPhone
		{11EE07AA-8923-4604-ABA1-2B8E7B15861B}.AppStore|iPhone.Build.0 = AppStore|iPhone
		{11EE07AA-8923-4604-ABA1-2B8E7B15861B}.AppStore|iPhone.Deploy.0 = AppStore|iPhone
		{11EE07AA-8923-4604-ABA1-2B8E7B15861B}.AppStore|iPhoneSimulator.ActiveCfg = AppStore|iPhoneSimulator
		{11EE07AA-8923-4604-ABA1-2B8E7B15861B}.AppStore|iPhoneSimulator.Build.0 = AppStore|iPhoneSimulator
		{11EE07AA-8923-4604-ABA1-2B8E7B15861B}.AppStore|iPhoneSimulator.Deploy.0 = AppStore|iPhoneSimulator
		{11EE07AA-8923-4604-ABA1-2B8E7B15861B}.Debug|Any CPU.ActiveCfg = Debug|iPhoneSimulator
		{11EE07AA-8923-4604-ABA1-2B8E7B15861B}.Debug|Any CPU.Build.0 = Debug|iPhoneSimulator
		{11EE07AA-8923-4604-ABA1-2B8E7B15861B}.Debug|Any CPU.Deploy.0 = Debug|iPhoneSimulator
		{11EE07AA-8923-4604-ABA1-2B8E7B15861B}.Debug|iPhone.ActiveCfg = Debug|iPhone
		{11EE07AA-8923-4604-ABA1-2B8E7B15861B}.Debug|iPhone.Build.0 = Debug|iPhone
		{11EE07AA-8923-4604-ABA1-2B8E7B15861B}.Debug|iPhone.Deploy.0 = Debug|iPhone
		{11EE07AA-8923-4604-ABA1-2B8E7B15861B}.Debug|iPhoneSimulator.ActiveCfg = Debug|iPhoneSimulator
		{11EE07AA-8923-4604-ABA1-2B8E7B15861B}.Debug|iPhoneSimulator.Build.0 = Debug|iPhoneSimulator
		{11EE07AA-8923-4604-ABA1-2B8E7B15861B}.Debug|iPhoneSimulator.Deploy.0 = Debug|iPhoneSimulator
		{11EE07AA-8923-4604-ABA1-2B8E7B15861B}.Release|Any CPU.ActiveCfg = Release|iPhone
		{11EE07AA-8923-4604-ABA1-2B8E7B15861B}.Release|Any CPU.Build.0 = Release|iPhone
		{11EE07AA-8923-4604-ABA1-2B8E7B15861B}.Release|Any CPU.Deploy.0 = Release|iPhone
		{11EE07AA-8923-4604-ABA1-2B8E7B15861B}.Release|iPhone.ActiveCfg = Release|iPhone
		{11EE07AA-8923-4604-ABA1-2B8E7B15861B}.Release|iPhone.Build.0 = Release|iPhone
		{11EE07AA-8923-4604-ABA1-2B8E7B15861B}.Release|iPhone.Deploy.0 = Release|iPhone
		{11EE07AA-8923-4604-ABA1-2B8E7B15861B}.Release|iPhoneSimulator.ActiveCfg = Release|iPhoneSimulator
		{11EE07AA-8923-4604-ABA1-2B8E7B15861B}.Release|iPhoneSimulator.Build.0 = Release|iPhoneSimulator
		{11EE07AA-8923-4604-ABA1-2B8E7B15861B}.Release|iPhoneSimulator.Deploy.0 = Release|iPhoneSimulator
		{9045D437-B025-424C-9D49-DF28CF50BAE0}.Ad-Hoc|Any CPU.ActiveCfg = Debug|Any CPU
		{9045D437-B025-424C-9D49-DF28CF50BAE0}.Ad-Hoc|Any CPU.Build.0 = Debug|Any CPU
		{9045D437-B025-424C-9D49-DF28CF50BAE0}.Ad-Hoc|Any CPU.Deploy.0 = Debug|Any CPU
		{9045D437-B025-424C-9D49-DF28CF50BAE0}.Ad-Hoc|iPhone.ActiveCfg = Debug|Any CPU
		{9045D437-B025-424C-9D49-DF28CF50BAE0}.Ad-Hoc|iPhone.Build.0 = Debug|Any CPU
		{9045D437-B025-424C-9D49-DF28CF50BAE0}.Ad-Hoc|iPhone.Deploy.0 = Debug|Any CPU
		{9045D437-B025-424C-9D49-DF28CF50BAE0}.Ad-Hoc|iPhoneSimulator.ActiveCfg = Debug|Any CPU
		{9045D437-B025-424C-9D49-DF28CF50BAE0}.Ad-Hoc|iPhoneSimulator.Build.0 = Debug|Any CPU
		{9045D437-B025-424C-9D49-DF28CF50BAE0}.Ad-Hoc|iPhoneSimulator.Deploy.0 = Debug|Any CPU
		{9045D437-B025-424C-9D49-DF28CF50BAE0}.AppStore|Any CPU.ActiveCfg = Debug|Any CPU
		{9045D437-B025-424C-9D49-DF28CF50BAE0}.AppStore|Any CPU.Build.0 = Debug|Any CPU
		{9045D437-B025-424C-9D49-DF28CF50BAE0}.AppStore|Any CPU.Deploy.0 = Debug|Any CPU
		{9045D437-B025-424C-9D49-DF28CF50BAE0}.AppStore|iPhone.ActiveCfg = Debug|Any CPU
		{9045D437-B025-424C-9D49-DF28CF50BAE0}.AppStore|iPhone.Build.0 = Debug|Any CPU
		{9045D437-B025-424C-9D49-DF28CF50BAE0}.AppStore|iPhone.Deploy.0 = Debug|Any CPU
		{9045D437-B025-424C-9D49-DF28CF50BAE0}.AppStore|iPhoneSimulator.ActiveCfg = Debug|Any CPU
		{9045D437-B025-424C-9D49-DF28CF50BAE0}.AppStore|iPhoneSimulator.Build.0 = Debug|Any CPU
		{9045D437-B025-424C-9D49-DF28CF50BAE0}.AppStore|iPhoneSimulator.Deploy.0 = Debug|Any CPU
		{9045D437-B025-424C-9D49-DF28CF50BAE0}.Debug|Any CPU.ActiveCfg = Debug|Any CPU
		{9045D437-B025-424C-9D49-DF28CF50BAE0}.Debug|Any CPU.Build.0 = Debug|Any CPU
		{9045D437-B025-424C-9D49-DF28CF50BAE0}.Debug|Any CPU.Deploy.0 = Debug|Any CPU
		{9045D437-B025-424C-9D49-DF28CF50BAE0}.Debug|iPhone.ActiveCfg = Debug|Any CPU
		{9045D437-B025-424C-9D49-DF28CF50BAE0}.Debug|iPhone.Build.0 = Debug|Any CPU
		{9045D437-B025-424C-9D49-DF28CF50BAE0}.Debug|iPhone.Deploy.0 = Debug|Any CPU
		{9045D437-B025-424C-9D49-DF28CF50BAE0}.Debug|iPhoneSimulator.ActiveCfg = Debug|Any CPU
		{9045D437-B025-424C-9D49-DF28CF50BAE0}.Debug|iPhoneSimulator.Build.0 = Debug|Any CPU
		{9045D437-B025-424C-9D49-DF28CF50BAE0}.Debug|iPhoneSimulator.Deploy.0 = Debug|Any CPU
		{9045D437-B025-424C-9D49-DF28CF50BAE0}.Release|Any CPU.ActiveCfg = Release|Any CPU
		{9045D437-B025-424C-9D49-DF28CF50BAE0}.Release|Any CPU.Build.0 = Release|Any CPU
		{9045D437-B025-424C-9D49-DF28CF50BAE0}.Release|Any CPU.Deploy.0 = Release|Any CPU
		{9045D437-B025-424C-9D49-DF28CF50BAE0}.Release|iPhone.ActiveCfg = Release|Any CPU
		{9045D437-B025-424C-9D49-DF28CF50BAE0}.Release|iPhone.Build.0 = Release|Any CPU
		{9045D437-B025-424C-9D49-DF28CF50BAE0}.Release|iPhone.Deploy.0 = Release|Any CPU
		{9045D437-B025-424C-9D49-DF28CF50BAE0}.Release|iPhoneSimulator.ActiveCfg = Release|Any CPU
		{9045D437-B025-424C-9D49-DF28CF50BAE0}.Release|iPhoneSimulator.Build.0 = Release|Any CPU
		{9045D437-B025-424C-9D49-DF28CF50BAE0}.Release|iPhoneSimulator.Deploy.0 = Release|Any CPU
	EndGlobalSection
	GlobalSection(SolutionProperties) = preSolution
		HideSolutionNode = FALSE
	EndGlobalSection
	GlobalSection(ExtensibilityGlobals) = postSolution
		SolutionGuid = {B37D5DE4-C251-44DA-AD2C-86663EF6BCAD}
	EndGlobalSection
EndGlobal
